
Microsoft Visual Studio Solution File, Format Version 12.00
# Visual Studio Version 16
VisualStudioVersion = 16.0.29215.179
MinimumVisualStudioVersion = 10.0.40219.1
Project("{FAE04EC0-301F-11D3-BF4B-00C04F79EFBC}") = "poc-list-merchant-cache", "poc-list-merchant-cache\poc-list-merchant-cache.csproj", "{72F3F957-C943-4F9B-B0FE-B7B1BBE45BAD}"
EndProject
Global
	GlobalSection(SolutionConfigurationPlatforms) = preSolution
		Debug|Any CPU = Debug|Any CPU
		Release|Any CPU = Release|Any CPU
	EndGlobalSection
	GlobalSection(ProjectConfigurationPlatforms) = postSolution
		{72F3F957-C943-4F9B-B0FE-B7B1BBE45BAD}.Debug|Any CPU.ActiveCfg = Debug|Any CPU
		{72F3F957-C943-4F9B-B0FE-B7B1BBE45BAD}.Debug|Any CPU.Build.0 = Debug|Any CPU
		{72F3F957-C943-4F9B-B0FE-B7B1BBE45BAD}.Release|Any CPU.ActiveCfg = Release|Any CPU
		{72F3F957-C943-4F9B-B0FE-B7B1BBE45BAD}.Release|Any CPU.Build.0 = Release|Any CPU
	EndGlobalSection
	GlobalSection(SolutionProperties) = preSolution
		HideSolutionNode = FALSE
	EndGlobalSection
	GlobalSection(ExtensibilityGlobals) = postSolution
		SolutionGuid = {3BA71FEC-8C12-41F7-B7F8-4520C550FF58}
	EndGlobalSection
EndGlobal
